
Microsoft Visual Studio Solution File, Format Version 12.00
# Visual Studio Version 17
VisualStudioVersion = 17.11.35222.181
MinimumVisualStudioVersion = 10.0.40219.1
Project("{8BC9CEB8-8B4A-11D0-8D11-00A0C91BC942}") = "GIS_Core", "GIS_Core\GIS_Core.vcxproj", "{C2EEB74F-D938-4677-A243-AD7A84041A10}"
EndProject
Project("{8BC9CEB8-8B4A-11D0-8D11-00A0C91BC942}") = "GIS_Data", "GIS_Data\GIS_Data.vcxproj", "{1DC3A88A-CA0B-4913-AA46-A0384C0335C0}"
EndProject
Project("{8BC9CEB8-8B4A-11D0-8D11-00A0C91BC942}") = "GIS_Algs", "GIS_Algs\GIS_Algs.vcxproj", "{96BD3770-69B1-4D11-9FD5-EF82FF1C10C1}"
EndProject
Project("{8BC9CEB8-8B4A-11D0-8D11-00A0C91BC942}") = "GIS_Parser", "GIS_Parser\GIS_Parser.vcxproj", "{7C4885D8-5BCE-461B-B121-EAB76748F198}"
EndProject
Project("{8BC9CEB8-8B4A-11D0-8D11-00A0C91BC942}") = "GIS_Generator", "GIS_Generator\GIS_Generator.vcxproj", "{0BF8A754-2DAE-404C-A3CC-0BE58F304596}"
EndProject
Project("{8BC9CEB8-8B4A-11D0-8D11-00A0C91BC942}") = "GIS_Tests", "GIS_Tests\GIS_Tests.vcxproj", "{4A7FB695-876D-4C42-A19D-84B509C63344}"
EndProject
Project("{2150E333-8FDC-42A3-9474-1A3956D46DE8}") = "Элементы решения", "Элементы решения", "{754FC069-D67B-A9D7-50A1-8D1CA196D8F1}"
	ProjectSection(SolutionItems) = preProject
		Graph_Data\inputGraph.txt = Graph_Data\inputGraph.txt
	EndProjectSection
EndProject
Project("{8BC9CEB8-8B4A-11D0-8D11-00A0C91BC942}") = "GIS_Stats", "GIS_stats\GIS_stats.vcxproj", "{9680BA8A-4A83-47D1-80AE-0BD6B62C38BD}"
EndProject
Global
	GlobalSection(SolutionConfigurationPlatforms) = preSolution
		Debug|x64 = Debug|x64
		Debug|x86 = Debug|x86
		Release|x64 = Release|x64
		Release|x86 = Release|x86
	EndGlobalSection
	GlobalSection(ProjectConfigurationPlatforms) = postSolution
		{C2EEB74F-D938-4677-A243-AD7A84041A10}.Debug|x64.ActiveCfg = Debug|x64
		{C2EEB74F-D938-4677-A243-AD7A84041A10}.Debug|x64.Build.0 = Debug|x64
		{C2EEB74F-D938-4677-A243-AD7A84041A10}.Debug|x86.ActiveCfg = Debug|Win32
		{C2EEB74F-D938-4677-A243-AD7A84041A10}.Debug|x86.Build.0 = Debug|Win32
		{C2EEB74F-D938-4677-A243-AD7A84041A10}.Release|x64.ActiveCfg = Release|x64
		{C2EEB74F-D938-4677-A243-AD7A84041A10}.Release|x64.Build.0 = Release|x64
		{C2EEB74F-D938-4677-A243-AD7A84041A10}.Release|x86.ActiveCfg = Release|Win32
		{C2EEB74F-D938-4677-A243-AD7A84041A10}.Release|x86.Build.0 = Release|Win32
		{1DC3A88A-CA0B-4913-AA46-A0384C0335C0}.Debug|x64.ActiveCfg = Debug|x64
		{1DC3A88A-CA0B-4913-AA46-A0384C0335C0}.Debug|x64.Build.0 = Debug|x64
		{1DC3A88A-CA0B-4913-AA46-A0384C0335C0}.Debug|x86.ActiveCfg = Debug|Win32
		{1DC3A88A-CA0B-4913-AA46-A0384C0335C0}.Debug|x86.Build.0 = Debug|Win32
		{1DC3A88A-CA0B-4913-AA46-A0384C0335C0}.Release|x64.ActiveCfg = Release|x64
		{1DC3A88A-CA0B-4913-AA46-A0384C0335C0}.Release|x64.Build.0 = Release|x64
		{1DC3A88A-CA0B-4913-AA46-A0384C0335C0}.Release|x86.ActiveCfg = Release|Win32
		{1DC3A88A-CA0B-4913-AA46-A0384C0335C0}.Release|x86.Build.0 = Release|Win32
		{96BD3770-69B1-4D11-9FD5-EF82FF1C10C1}.Debug|x64.ActiveCfg = Debug|x64
		{96BD3770-69B1-4D11-9FD5-EF82FF1C10C1}.Debug|x64.Build.0 = Debug|x64
		{96BD3770-69B1-4D11-9FD5-EF82FF1C10C1}.Debug|x86.ActiveCfg = Debug|Win32
		{96BD3770-69B1-4D11-9FD5-EF82FF1C10C1}.Debug|x86.Build.0 = Debug|Win32
		{96BD3770-69B1-4D11-9FD5-EF82FF1C10C1}.Release|x64.ActiveCfg = Release|x64
		{96BD3770-69B1-4D11-9FD5-EF82FF1C10C1}.Release|x64.Build.0 = Release|x64
		{96BD3770-69B1-4D11-9FD5-EF82FF1C10C1}.Release|x86.ActiveCfg = Release|Win32
		{96BD3770-69B1-4D11-9FD5-EF82FF1C10C1}.Release|x86.Build.0 = Release|Win32
		{7C4885D8-5BCE-461B-B121-EAB76748F198}.Debug|x64.ActiveCfg = Debug|x64
		{7C4885D8-5BCE-461B-B121-EAB76748F198}.Debug|x64.Build.0 = Debug|x64
		{7C4885D8-5BCE-461B-B121-EAB76748F198}.Debug|x86.ActiveCfg = Debug|Win32
		{7C4885D8-5BCE-461B-B121-EAB76748F198}.Debug|x86.Build.0 = Debug|Win32
		{7C4885D8-5BCE-461B-B121-EAB76748F198}.Release|x64.ActiveCfg = Release|x64
		{7C4885D8-5BCE-461B-B121-EAB76748F198}.Release|x64.Build.0 = Release|x64
		{7C4885D8-5BCE-461B-B121-EAB76748F198}.Release|x86.ActiveCfg = Release|Win32
		{7C4885D8-5BCE-461B-B121-EAB76748F198}.Release|x86.Build.0 = Release|Win32
		{0BF8A754-2DAE-404C-A3CC-0BE58F304596}.Debug|x64.ActiveCfg = Debug|x64
		{0BF8A754-2DAE-404C-A3CC-0BE58F304596}.Debug|x64.Build.0 = Debug|x64
		{0BF8A754-2DAE-404C-A3CC-0BE58F304596}.Debug|x86.ActiveCfg = Debug|Win32
		{0BF8A754-2DAE-404C-A3CC-0BE58F304596}.Debug|x86.Build.0 = Debug|Win32
		{0BF8A754-2DAE-404C-A3CC-0BE58F304596}.Release|x64.ActiveCfg = Release|x64
		{0BF8A754-2DAE-404C-A3CC-0BE58F304596}.Release|x64.Build.0 = Release|x64
		{0BF8A754-2DAE-404C-A3CC-0BE58F304596}.Release|x86.ActiveCfg = Release|Win32
		{0BF8A754-2DAE-404C-A3CC-0BE58F304596}.Release|x86.Build.0 = Release|Win32
		{4A7FB695-876D-4C42-A19D-84B509C63344}.Debug|x64.ActiveCfg = Debug|x64
		{4A7FB695-876D-4C42-A19D-84B509C63344}.Debug|x64.Build.0 = Debug|x64
		{4A7FB695-876D-4C42-A19D-84B509C63344}.Debug|x86.ActiveCfg = Debug|Win32
		{4A7FB695-876D-4C42-A19D-84B509C63344}.Debug|x86.Build.0 = Debug|Win32
		{4A7FB695-876D-4C42-A19D-84B509C63344}.Release|x64.ActiveCfg = Release|x64
		{4A7FB695-876D-4C42-A19D-84B509C63344}.Release|x64.Build.0 = Release|x64
		{4A7FB695-876D-4C42-A19D-84B509C63344}.Release|x86.ActiveCfg = Release|Win32
		{4A7FB695-876D-4C42-A19D-84B509C63344}.Release|x86.Build.0 = Release|Win32
		{9680BA8A-4A83-47D1-80AE-0BD6B62C38BD}.Debug|x64.ActiveCfg = Debug|x64
		{9680BA8A-4A83-47D1-80AE-0BD6B62C38BD}.Debug|x64.Build.0 = Debug|x64
		{9680BA8A-4A83-47D1-80AE-0BD6B62C38BD}.Debug|x86.ActiveCfg = Debug|Win32
		{9680BA8A-4A83-47D1-80AE-0BD6B62C38BD}.Debug|x86.Build.0 = Debug|Win32
		{9680BA8A-4A83-47D1-80AE-0BD6B62C38BD}.Release|x64.ActiveCfg = Release|x64
		{9680BA8A-4A83-47D1-80AE-0BD6B62C38BD}.Release|x64.Build.0 = Release|x64
		{9680BA8A-4A83-47D1-80AE-0BD6B62C38BD}.Release|x86.ActiveCfg = Release|Win32
		{9680BA8A-4A83-47D1-80AE-0BD6B62C38BD}.Release|x86.Build.0 = Release|Win32
	EndGlobalSection
	GlobalSection(SolutionProperties) = preSolution
		HideSolutionNode = FALSE
	EndGlobalSection
	GlobalSection(ExtensibilityGlobals) = postSolution
		SolutionGuid = {DA4C674E-30EE-4A13-9674-3A63EFA839B9}
	EndGlobalSection
EndGlobal
